
Microsoft Visual Studio Solution File, Format Version 12.00
# Visual Studio 15
VisualStudioVersion = 15.0.27004.2009
MinimumVisualStudioVersion = 10.0.40219.1
Project("{E24C65DC-7377-472B-9ABA-BC803B73C61A}") = "sokoban", "..\..\WebSites\sokoban\", "{5781C276-8E1F-4D51-A26D-93111C24B7A0}"
	ProjectSection(WebsiteProperties) = preProject
		TargetFrameworkMoniker = ".NETFramework,Version%3Dv4.6.1"
		Debug.AspNetCompiler.VirtualPath = "/localhost_60500"
		Debug.AspNetCompiler.PhysicalPath = "..\..\WebSites\sokoban\"
		Debug.AspNetCompiler.TargetPath = "PrecompiledWeb\localhost_60500\"
		Debug.AspNetCompiler.Updateable = "true"
		Debug.AspNetCompiler.ForceOverwrite = "true"
		Debug.AspNetCompiler.FixedNames = "false"
		Debug.AspNetCompiler.Debug = "True"
		Release.AspNetCompiler.VirtualPath = "/localhost_60500"
		Release.AspNetCompiler.PhysicalPath = "..\..\WebSites\sokoban\"
		Release.AspNetCompiler.TargetPath = "PrecompiledWeb\localhost_60500\"
		Release.AspNetCompiler.Updateable = "true"
		Release.AspNetCompiler.ForceOverwrite = "true"
		Release.AspNetCompiler.FixedNames = "false"
		Release.AspNetCompiler.Debug = "False"
		VWDPort = "60500"
		SlnRelativePath = "..\..\WebSites\sokoban\"
		DefaultWebSiteLanguage = "Visual C#"
	EndProjectSection
EndProject
Global
	GlobalSection(SolutionConfigurationPlatforms) = preSolution
		Debug|Any CPU = Debug|Any CPU
	EndGlobalSection
	GlobalSection(ProjectConfigurationPlatforms) = postSolution
		{5781C276-8E1F-4D51-A26D-93111C24B7A0}.Debug|Any CPU.ActiveCfg = Debug|Any CPU
		{5781C276-8E1F-4D51-A26D-93111C24B7A0}.Debug|Any CPU.Build.0 = Debug|Any CPU
	EndGlobalSection
	GlobalSection(SolutionProperties) = preSolution
		HideSolutionNode = FALSE
	EndGlobalSection
	GlobalSection(ExtensibilityGlobals) = postSolution
		SolutionGuid = {97353206-CC5F-403D-9E48-49281284293D}
	EndGlobalSection
EndGlobal
